
Microsoft Visual Studio Solution File, Format Version 12.00
# Visual Studio 15
VisualStudioVersion = 15.0.28307.572
MinimumVisualStudioVersion = 10.0.40219.1
Project("{FAE04EC0-301F-11D3-BF4B-00C04F79EFBC}") = "タグラベル出力システム", "タグラベル出力システム\タグラベル出力システム.csproj", "{39532B9F-44A9-4733-974C-E135187D8854}"
EndProject
Project("{FAE04EC0-301F-11D3-BF4B-00C04F79EFBC}") = "メール受信", "メール受信\メール受信.csproj", "{309D6FD3-3CD6-4829-ADFD-BD5B984700B0}"
EndProject
Project("{FAE04EC0-301F-11D3-BF4B-00C04F79EFBC}") = "メール受信データ取込", "メール受信データ取込\メール受信データ取込.csproj", "{8025ADA8-08CC-4E21-AC67-EB26F2AF7940}"
EndProject
Project("{FAE04EC0-301F-11D3-BF4B-00C04F79EFBC}") = "EDI受信", "EDI受信\EDI受信.csproj", "{4969DB14-EF6D-46BD-B082-B5715A3284FA}"
EndProject
Project("{FAE04EC0-301F-11D3-BF4B-00C04F79EFBC}") = "フォクシー受注データ送信", "フォクシー受注データ送信\フォクシー受注データ送信.csproj", "{B8F6AFE2-DF4B-4127-8EB0-7AD363846045}"
EndProject
Project("{FAE04EC0-301F-11D3-BF4B-00C04F79EFBC}") = "データ削除", "データ削除\データ削除.csproj", "{516166F3-0637-4ED9-80AD-ED4F30E231FA}"
EndProject
Project("{FAE04EC0-301F-11D3-BF4B-00C04F79EFBC}") = "システム再起動", "システム再起動\システム再起動.csproj", "{448DDEAF-E004-443D-B458-272B7632A085}"
EndProject
Global
	GlobalSection(SolutionConfigurationPlatforms) = preSolution
		Debug|Any CPU = Debug|Any CPU
		Release|Any CPU = Release|Any CPU
	EndGlobalSection
	GlobalSection(ProjectConfigurationPlatforms) = postSolution
		{39532B9F-44A9-4733-974C-E135187D8854}.Debug|Any CPU.ActiveCfg = Debug|Any CPU
		{39532B9F-44A9-4733-974C-E135187D8854}.Debug|Any CPU.Build.0 = Debug|Any CPU
		{39532B9F-44A9-4733-974C-E135187D8854}.Release|Any CPU.ActiveCfg = Release|Any CPU
		{39532B9F-44A9-4733-974C-E135187D8854}.Release|Any CPU.Build.0 = Release|Any CPU
		{309D6FD3-3CD6-4829-ADFD-BD5B984700B0}.Debug|Any CPU.ActiveCfg = Debug|Any CPU
		{309D6FD3-3CD6-4829-ADFD-BD5B984700B0}.Debug|Any CPU.Build.0 = Debug|Any CPU
		{309D6FD3-3CD6-4829-ADFD-BD5B984700B0}.Release|Any CPU.ActiveCfg = Release|Any CPU
		{309D6FD3-3CD6-4829-ADFD-BD5B984700B0}.Release|Any CPU.Build.0 = Release|Any CPU
		{8025ADA8-08CC-4E21-AC67-EB26F2AF7940}.Debug|Any CPU.ActiveCfg = Debug|Any CPU
		{8025ADA8-08CC-4E21-AC67-EB26F2AF7940}.Debug|Any CPU.Build.0 = Debug|Any CPU
		{8025ADA8-08CC-4E21-AC67-EB26F2AF7940}.Release|Any CPU.ActiveCfg = Release|Any CPU
		{8025ADA8-08CC-4E21-AC67-EB26F2AF7940}.Release|Any CPU.Build.0 = Release|Any CPU
		{4969DB14-EF6D-46BD-B082-B5715A3284FA}.Debug|Any CPU.ActiveCfg = Debug|Any CPU
		{4969DB14-EF6D-46BD-B082-B5715A3284FA}.Debug|Any CPU.Build.0 = Debug|Any CPU
		{4969DB14-EF6D-46BD-B082-B5715A3284FA}.Release|Any CPU.ActiveCfg = Release|Any CPU
		{4969DB14-EF6D-46BD-B082-B5715A3284FA}.Release|Any CPU.Build.0 = Release|Any CPU
		{B8F6AFE2-DF4B-4127-8EB0-7AD363846045}.Debug|Any CPU.ActiveCfg = Debug|Any CPU
		{B8F6AFE2-DF4B-4127-8EB0-7AD363846045}.Debug|Any CPU.Build.0 = Debug|Any CPU
		{B8F6AFE2-DF4B-4127-8EB0-7AD363846045}.Release|Any CPU.ActiveCfg = Release|Any CPU
		{B8F6AFE2-DF4B-4127-8EB0-7AD363846045}.Release|Any CPU.Build.0 = Release|Any CPU
		{516166F3-0637-4ED9-80AD-ED4F30E231FA}.Debug|Any CPU.ActiveCfg = Debug|Any CPU
		{516166F3-0637-4ED9-80AD-ED4F30E231FA}.Debug|Any CPU.Build.0 = Debug|Any CPU
		{516166F3-0637-4ED9-80AD-ED4F30E231FA}.Release|Any CPU.ActiveCfg = Release|Any CPU
		{516166F3-0637-4ED9-80AD-ED4F30E231FA}.Release|Any CPU.Build.0 = Release|Any CPU
		{448DDEAF-E004-443D-B458-272B7632A085}.Debug|Any CPU.ActiveCfg = Debug|Any CPU
		{448DDEAF-E004-443D-B458-272B7632A085}.Debug|Any CPU.Build.0 = Debug|Any CPU
		{448DDEAF-E004-443D-B458-272B7632A085}.Release|Any CPU.ActiveCfg = Release|Any CPU
		{448DDEAF-E004-443D-B458-272B7632A085}.Release|Any CPU.Build.0 = Release|Any CPU
	EndGlobalSection
	GlobalSection(SolutionProperties) = preSolution
		HideSolutionNode = FALSE
	EndGlobalSection
	GlobalSection(ExtensibilityGlobals) = postSolution
		SolutionGuid = {B273F9FD-F5A5-4A20-A211-630E2286821D}
	EndGlobalSection
EndGlobal
